
Microsoft Visual Studio Solution File, Format Version 12.00
# Visual Studio Version 16
VisualStudioVersion = 16.0.32428.217
MinimumVisualStudioVersion = 10.0.40219.1
Project("{9A19103F-16F7-4668-BE54-9A1E7A4F7556}") = "MusicaApi", "MusicaApi\MusicaApi.csproj", "{34798251-5F6E-4B03-80B4-E8693E622AB6}"
EndProject
Global
	GlobalSection(SolutionConfigurationPlatforms) = preSolution
		Debug|Any CPU = Debug|Any CPU
		Release|Any CPU = Release|Any CPU
	EndGlobalSection
	GlobalSection(ProjectConfigurationPlatforms) = postSolution
		{34798251-5F6E-4B03-80B4-E8693E622AB6}.Debug|Any CPU.ActiveCfg = Debug|Any CPU
		{34798251-5F6E-4B03-80B4-E8693E622AB6}.Debug|Any CPU.Build.0 = Debug|Any CPU
		{34798251-5F6E-4B03-80B4-E8693E622AB6}.Release|Any CPU.ActiveCfg = Release|Any CPU
		{34798251-5F6E-4B03-80B4-E8693E622AB6}.Release|Any CPU.Build.0 = Release|Any CPU
	EndGlobalSection
	GlobalSection(SolutionProperties) = preSolution
		HideSolutionNode = FALSE
	EndGlobalSection
	GlobalSection(ExtensibilityGlobals) = postSolution
		SolutionGuid = {F3B95315-43BD-4802-A34B-E7E2EE4D915E}
	EndGlobalSection
EndGlobal
